
Microsoft Visual Studio Solution File, Format Version 12.00
# Visual Studio 2012
Project("{D954291E-2A0B-460D-934E-DC6B0785DB48}") = "ThoughtsAndPrayersToo", "ThoughtsAndPrayersToo\ThoughtsAndPrayersToo.shproj", "{129A257D-6C53-494A-9E09-EEB30AAF114D}"
EndProject
Project("{FAE04EC0-301F-11D3-BF4B-00C04F79EFBC}") = "ThoughtsAndPrayersToo.iOS", "iOS\ThoughtsAndPrayersToo.iOS.csproj", "{491640A6-4ACF-493E-B7F3-9D01124937B8}"
EndProject
Project("{FAE04EC0-301F-11D3-BF4B-00C04F79EFBC}") = "ThoughtsAndPrayersToo.Droid", "Droid\ThoughtsAndPrayersToo.Droid.csproj", "{81BE212B-C155-4E47-A13E-AF73728CEEF2}"
EndProject
Project("{D954291E-2A0B-460D-934E-DC6B0785DB48}") = "ThoughtsAndPrayersTooTemplate", "ThoughtsAndPrayersTooShared\ThoughtsAndPrayersTooTemplate.shproj", "{B62CB553-A45C-423C-A944-D782F76739E4}"
EndProject
Global
	GlobalSection(SolutionConfigurationPlatforms) = preSolution
		Debug|iPhoneSimulator = Debug|iPhoneSimulator
		Release|iPhone = Release|iPhone
		Release|iPhoneSimulator = Release|iPhoneSimulator
		Debug|iPhone = Debug|iPhone
		Debug|Any CPU = Debug|Any CPU
		Release|Any CPU = Release|Any CPU
	EndGlobalSection
	GlobalSection(ProjectConfigurationPlatforms) = postSolution
		{491640A6-4ACF-493E-B7F3-9D01124937B8}.Debug|iPhoneSimulator.ActiveCfg = Debug|iPhoneSimulator
		{491640A6-4ACF-493E-B7F3-9D01124937B8}.Debug|iPhoneSimulator.Build.0 = Debug|iPhoneSimulator
		{491640A6-4ACF-493E-B7F3-9D01124937B8}.Release|iPhone.ActiveCfg = Release|iPhone
		{491640A6-4ACF-493E-B7F3-9D01124937B8}.Release|iPhone.Build.0 = Release|iPhone
		{491640A6-4ACF-493E-B7F3-9D01124937B8}.Release|iPhoneSimulator.ActiveCfg = Release|iPhoneSimulator
		{491640A6-4ACF-493E-B7F3-9D01124937B8}.Release|iPhoneSimulator.Build.0 = Release|iPhoneSimulator
		{491640A6-4ACF-493E-B7F3-9D01124937B8}.Debug|iPhone.ActiveCfg = Debug|iPhone
		{491640A6-4ACF-493E-B7F3-9D01124937B8}.Debug|iPhone.Build.0 = Debug|iPhone
		{491640A6-4ACF-493E-B7F3-9D01124937B8}.Debug|Any CPU.ActiveCfg = Debug|iPhoneSimulator
		{491640A6-4ACF-493E-B7F3-9D01124937B8}.Debug|Any CPU.Build.0 = Debug|iPhoneSimulator
		{491640A6-4ACF-493E-B7F3-9D01124937B8}.Release|Any CPU.ActiveCfg = Release|iPhone
		{491640A6-4ACF-493E-B7F3-9D01124937B8}.Release|Any CPU.Build.0 = Release|iPhone
		{81BE212B-C155-4E47-A13E-AF73728CEEF2}.Debug|iPhoneSimulator.ActiveCfg = Debug|Any CPU
		{81BE212B-C155-4E47-A13E-AF73728CEEF2}.Debug|iPhoneSimulator.Build.0 = Debug|Any CPU
		{81BE212B-C155-4E47-A13E-AF73728CEEF2}.Release|iPhone.ActiveCfg = Release|Any CPU
		{81BE212B-C155-4E47-A13E-AF73728CEEF2}.Release|iPhone.Build.0 = Release|Any CPU
		{81BE212B-C155-4E47-A13E-AF73728CEEF2}.Release|iPhoneSimulator.ActiveCfg = Release|Any CPU
		{81BE212B-C155-4E47-A13E-AF73728CEEF2}.Release|iPhoneSimulator.Build.0 = Release|Any CPU
		{81BE212B-C155-4E47-A13E-AF73728CEEF2}.Debug|iPhone.ActiveCfg = Debug|Any CPU
		{81BE212B-C155-4E47-A13E-AF73728CEEF2}.Debug|iPhone.Build.0 = Debug|Any CPU
		{81BE212B-C155-4E47-A13E-AF73728CEEF2}.Debug|Any CPU.ActiveCfg = Debug|Any CPU
		{81BE212B-C155-4E47-A13E-AF73728CEEF2}.Debug|Any CPU.Build.0 = Debug|Any CPU
		{81BE212B-C155-4E47-A13E-AF73728CEEF2}.Release|Any CPU.ActiveCfg = Release|Any CPU
		{81BE212B-C155-4E47-A13E-AF73728CEEF2}.Release|Any CPU.Build.0 = Release|Any CPU
	EndGlobalSection
EndGlobal
